
Microsoft Visual Studio Solution File, Format Version 12.00
# Visual Studio Version 17
VisualStudioVersion = 17.13.35617.110 d17.13
MinimumVisualStudioVersion = 10.0.40219.1
Project("{FAE04EC0-301F-11D3-BF4B-00C04F79EFBC}") = "Olx-uz", "Olx-uz\Olx-uz.csproj", "{D7403E16-AEF8-4B2D-8575-A22B5BBE8249}"
EndProject
Project("{FAE04EC0-301F-11D3-BF4B-00C04F79EFBC}") = "Olx-uz.API", "Olx-uz.API\Olx-uz.API.csproj", "{BEF43B40-7796-47A5-A3A5-A691E674D220}"
EndProject
Global
	GlobalSection(SolutionConfigurationPlatforms) = preSolution
		Debug|Any CPU = Debug|Any CPU
		Release|Any CPU = Release|Any CPU
	EndGlobalSection
	GlobalSection(ProjectConfigurationPlatforms) = postSolution
		{D7403E16-AEF8-4B2D-8575-A22B5BBE8249}.Debug|Any CPU.ActiveCfg = Debug|Any CPU
		{D7403E16-AEF8-4B2D-8575-A22B5BBE8249}.Debug|Any CPU.Build.0 = Debug|Any CPU
		{D7403E16-AEF8-4B2D-8575-A22B5BBE8249}.Debug|Any CPU.Deploy.0 = Debug|Any CPU
		{D7403E16-AEF8-4B2D-8575-A22B5BBE8249}.Release|Any CPU.ActiveCfg = Release|Any CPU
		{D7403E16-AEF8-4B2D-8575-A22B5BBE8249}.Release|Any CPU.Build.0 = Release|Any CPU
		{D7403E16-AEF8-4B2D-8575-A22B5BBE8249}.Release|Any CPU.Deploy.0 = Release|Any CPU
		{BEF43B40-7796-47A5-A3A5-A691E674D220}.Debug|Any CPU.ActiveCfg = Debug|Any CPU
		{BEF43B40-7796-47A5-A3A5-A691E674D220}.Debug|Any CPU.Build.0 = Debug|Any CPU
		{BEF43B40-7796-47A5-A3A5-A691E674D220}.Release|Any CPU.ActiveCfg = Release|Any CPU
		{BEF43B40-7796-47A5-A3A5-A691E674D220}.Release|Any CPU.Build.0 = Release|Any CPU
	EndGlobalSection
	GlobalSection(SolutionProperties) = preSolution
		HideSolutionNode = FALSE
	EndGlobalSection
	GlobalSection(ExtensibilityGlobals) = postSolution
		SolutionGuid = {A490AA10-FEF9-459F-9809-98E795045579}
	EndGlobalSection
EndGlobal
